
Microsoft Visual Studio Solution File, Format Version 12.00
# Visual Studio 14
VisualStudioVersion = 14.0.25420.1
MinimumVisualStudioVersion = 10.0.40219.1
Project("{8BC9CEB8-8B4A-11D0-8D11-00A0C91BC942}") = "NiNJA Engine BF4", "NiNJA Engine BF4\NiNJA Engine.vcxproj", "{395EAC92-6EEE-4916-A307-B9755150FAEE}"
	ProjectSection(ProjectDependencies) = postProject
		{83FEF217-22EE-4768-80BF-9F48D5B4564C} = {83FEF217-22EE-4768-80BF-9F48D5B4564C}
	EndProjectSection
EndProject
Project("{8BC9CEB8-8B4A-11D0-8D11-00A0C91BC942}") = "xkelib", "xkelib\xkelib.vcxproj", "{83FEF217-22EE-4768-80BF-9F48D5B4564C}"
EndProject
Global
	GlobalSection(SolutionConfigurationPlatforms) = preSolution
		Debug|Xbox 360 = Debug|Xbox 360
		Release|Xbox 360 = Release|Xbox 360
	EndGlobalSection
	GlobalSection(ProjectConfigurationPlatforms) = postSolution
		{395EAC92-6EEE-4916-A307-B9755150FAEE}.Debug|Xbox 360.ActiveCfg = Debug Retail|Xbox 360
		{395EAC92-6EEE-4916-A307-B9755150FAEE}.Debug|Xbox 360.Build.0 = Debug Retail|Xbox 360
		{395EAC92-6EEE-4916-A307-B9755150FAEE}.Release|Xbox 360.ActiveCfg = Release Retail|Xbox 360
		{395EAC92-6EEE-4916-A307-B9755150FAEE}.Release|Xbox 360.Build.0 = Release Retail|Xbox 360
		{83FEF217-22EE-4768-80BF-9F48D5B4564C}.Debug|Xbox 360.ActiveCfg = Release21256.0|Xbox 360
		{83FEF217-22EE-4768-80BF-9F48D5B4564C}.Debug|Xbox 360.Build.0 = Release21256.0|Xbox 360
		{83FEF217-22EE-4768-80BF-9F48D5B4564C}.Debug|Xbox 360.Deploy.0 = Release21256.0|Xbox 360
		{83FEF217-22EE-4768-80BF-9F48D5B4564C}.Release|Xbox 360.ActiveCfg = Release21256.0|Xbox 360
		{83FEF217-22EE-4768-80BF-9F48D5B4564C}.Release|Xbox 360.Build.0 = Release21256.0|Xbox 360
		{83FEF217-22EE-4768-80BF-9F48D5B4564C}.Release|Xbox 360.Deploy.0 = Release21256.0|Xbox 360
	EndGlobalSection
	GlobalSection(SolutionProperties) = preSolution
		HideSolutionNode = FALSE
	EndGlobalSection
EndGlobal
